{
  "name": "ant",
  "lockfileVersion": 3,
  "requires": true,
  "packages": {
    "": {
      "dependencies": {
        "@tanstack/react-query": "^5.100.14",
        "@tanstack/react-query-devtools": "^5.100.14"
      },
      "devDependencies": {
        "typescript": "5.7"
      }
    },
    "node_modules/@tanstack/query-core": {
      "version": "5.100.14",
      "resolved": "https://registry.npmjs.org/@tanstack/query-core/-/query-core-5.100.14.tgz",
      "integrity": "sha512-5X41dGpxgeaHISCRW2oYwcSycZeULZzAunaudXT9ov1KOTj9xwt0CH6hbwqP1/z74ZWF7rYFnDpyYH07XFcZew==",
      "license": "MIT",
      "funding": {
        "type": "github",
        "url": "https://github.com/sponsors/tannerlinsley"
      }
    },
    "node_modules/@tanstack/query-devtools": {
      "version": "5.100.14",
      "resolved": "https://registry.npmjs.org/@tanstack/query-devtools/-/query-devtools-5.100.14.tgz",
      "integrity": "sha512-g96SmSSQecYTYcyuAMRXr895GplJv01UGt7qttQWPOUyZ5EGz5tbRc589bMc2m5BsPFD6O0PCEAHdbDYNP6UBw==",
      "license": "MIT",
      "funding": {
        "type": "github",
        "url": "https://github.com/sponsors/tannerlinsley"
      }
    },
    "node_modules/@tanstack/react-query": {
      "version": "5.100.14",
      "resolved": "https://registry.npmjs.org/@tanstack/react-query/-/react-query-5.100.14.tgz",
      "integrity": "sha512-oOr6aRdSFEwWhzxEkD/9ZcItM3+LjBSkeVmadWKwUssAHTsqd/7bOjWrX4AbvEkoEhgAxzN0Xk6H/aYzXiYBAw==",
      "license": "MIT",
      "dependencies": {
        "@tanstack/query-core": "5.100.14"
      },
      "funding": {
        "type": "github",
        "url": "https://github.com/sponsors/tannerlinsley"
      },
      "peerDependencies": {
        "react": "^18 || ^19"
      }
    },
    "node_modules/@tanstack/react-query-devtools": {
      "version": "5.100.14",
      "resolved": "https://registry.npmjs.org/@tanstack/react-query-devtools/-/react-query-devtools-5.100.14.tgz",
      "integrity": "sha512-JkP5VDgKOw3t/QSA1OABRHEqx8BuNs5MfvZRooNqdvN57SzTuGq3fKR1a2IH5rqa5HDLUm+FOXUEnB9ueHiLzg==",
      "license": "MIT",
      "dependencies": {
        "@tanstack/query-devtools": "5.100.14"
      },
      "funding": {
        "type": "github",
        "url": "https://github.com/sponsors/tannerlinsley"
      },
      "peerDependencies": {
        "@tanstack/react-query": "^5.100.14",
        "react": "^18 || ^19"
      }
    },
    "node_modules/react": {
      "version": "19.2.6",
      "resolved": "https://registry.npmjs.org/react/-/react-19.2.6.tgz",
      "integrity": "sha512-sfWGGfavi0xr8Pg0sVsyHMAOziVYKgPLNrS7ig+ivMNb3wbCBw3KxtflsGBAwD3gYQlE/AEZsTLgToRrSCjb0Q==",
      "license": "MIT",
      "peer": true,
      "engines": {
        "node": ">=0.10.0"
      }
    },
    "node_modules/typescript": {
      "version": "5.7.3",
      "resolved": "https://registry.npmjs.org/typescript/-/typescript-5.7.3.tgz",
      "integrity": "sha512-84MVSjMEHP+FQRPy3pX9sTVV/INIex71s9TL2Gm5FG/WG1SqXeKyZ0k7/blY/4FdOzI12CBy1vGc4og/eus0fw==",
      "dev": true,
      "license": "Apache-2.0",
      "bin": {
        "tsc": "bin/tsc",
        "tsserver": "bin/tsserver"
      },
      "engines": {
        "node": ">=14.17"
      }
    }
  }
}
